github.com/winlinvip/errors v1.0.2 h1:ohQArnqBGtuTRyFRxVJv912NVQnwZxGN5znV1KIzVvA=
github.com/winlinvip/errors v1.0.2/go.mod h1:8GMwjOZ2fXrtkmIjDp6bl+LJBqOnJaWk6tU2Xm/Rhpg=
github.com/winterserver/errors v0.0.1 h1:7X+wEuDAKkOudGeSLxEjWS7xc62nZJVPwd1q89xLa6I=
github.com/winterserver/errors v0.0.1/go.mod h1:XuHiSsmX2Q6rWC5O9VWHxdUeF6R69fwx/YBcezO8Drk=
