github.com/pkg/errors v0.8.1 h1:iURUrRGxPUNPdy5/HRSm+Yj6okJ6UtLINN0Q9M4+h3I=
github.com/pkg/errors v0.8.1/go.mod h1:bwawxfHBFNV+L2hUp1rHADufV3IMtnDRdf1r5NINEl0=
github.com/winterserver/errors v0.0.0 h1:Pd5aekTpOaEhpuZbtaG4toVIoxF30w7uKDz9ZlQYmyc=
github.com/winterserver/errors v0.0.0/go.mod h1:XuHiSsmX2Q6rWC5O9VWHxdUeF6R69fwx/YBcezO8Drk=
github.com/winterserver/errors v0.0.1 h1:7X+wEuDAKkOudGeSLxEjWS7xc62nZJVPwd1q89xLa6I=
github.com/winterserver/errors v0.0.1/go.mod h1:XuHiSsmX2Q6rWC5O9VWHxdUeF6R69fwx/YBcezO8Drk=
